%{
  "gamend_plugin_tools": {:hex, :gamend_plugin_tools, "1.0.1265", "dc5e3eabb7dec2933ca0125f03b3dcc247b24940db4912cb9a1be2526eb111cb", [:mix], [], "hexpm", "3eb7bb975c8079bcd11b0b12c173ad7c3c3eda5ace44db85ea67a3219b69961c"},
  "gamend_sdk": {:hex, :gamend_sdk, "1.0.1265", "12e670a234577921f9c1489dfb6f8252f1e0403839c49a0874589b41d3c79c09", [:mix], [], "hexpm", "3ddf5f5533e7f893f7d41fa2787cf2f554034f40cd76ffb1edf597f4a67f7157"},
  "protobuf": {:hex, :protobuf, "0.17.0", "39e24e43c9648e148feba16ed51100b5b2028ea900b55460377b0476f6e10613", [:mix], [{:jason, "~> 1.2", [hex: :jason, repo: "hexpm", optional: true]}], "hexpm", "ca6c91f6f63e2c147b47f03eefd10b80538aa6fc55ff4b12b795efb786b0152f"},
}
